
Microsoft Visual Studio Solution File, Format Version 12.00
# Visual Studio 14
VisualStudioVersion = 14.0.25420.1
MinimumVisualStudioVersion = 10.0.40219.1
Project("{FAE04EC0-301F-11D3-BF4B-00C04F79EFBC}") = "SumRptChange", "SumRptChange\SumRptChange.csproj", "{5B94B467-9E17-4912-80E0-99D15B69F631}"
EndProject
Global
	GlobalSection(SolutionConfigurationPlatforms) = preSolution
		Debug|Any CPU = Debug|Any CPU
		Release|Any CPU = Release|Any CPU
	EndGlobalSection
	GlobalSection(ProjectConfigurationPlatforms) = postSolution
		{5B94B467-9E17-4912-80E0-99D15B69F631}.Debug|Any CPU.ActiveCfg = Debug|Any CPU
		{5B94B467-9E17-4912-80E0-99D15B69F631}.Debug|Any CPU.Build.0 = Debug|Any CPU
		{5B94B467-9E17-4912-80E0-99D15B69F631}.Release|Any CPU.ActiveCfg = Release|Any CPU
		{5B94B467-9E17-4912-80E0-99D15B69F631}.Release|Any CPU.Build.0 = Release|Any CPU
	EndGlobalSection
	GlobalSection(SolutionProperties) = preSolution
		HideSolutionNode = FALSE
	EndGlobalSection
EndGlobal
